
Microsoft Visual Studio Solution File, Format Version 12.00
# Visual Studio Version 16
VisualStudioVersion = 16.0.29905.134
MinimumVisualStudioVersion = 10.0.40219.1
Project("{FAE04EC0-301F-11D3-BF4B-00C04F79EFBC}") = "ChapIce", "ChapIce.csproj", "{E151C7E5-7C72-4EFF-927A-3DFFC236C462}"
EndProject
Global
	GlobalSection(SolutionConfigurationPlatforms) = preSolution
		Debug|Any CPU = Debug|Any CPU
		Release|Any CPU = Release|Any CPU
	EndGlobalSection
	GlobalSection(ProjectConfigurationPlatforms) = postSolution
		{E151C7E5-7C72-4EFF-927A-3DFFC236C462}.Debug|Any CPU.ActiveCfg = Debug|Any CPU
		{E151C7E5-7C72-4EFF-927A-3DFFC236C462}.Debug|Any CPU.Build.0 = Debug|Any CPU
		{E151C7E5-7C72-4EFF-927A-3DFFC236C462}.Release|Any CPU.ActiveCfg = Release|Any CPU
		{E151C7E5-7C72-4EFF-927A-3DFFC236C462}.Release|Any CPU.Build.0 = Release|Any CPU
	EndGlobalSection
	GlobalSection(SolutionProperties) = preSolution
		HideSolutionNode = FALSE
	EndGlobalSection
	GlobalSection(ExtensibilityGlobals) = postSolution
		SolutionGuid = {63004505-D406-4480-923B-0CD90C2CB14A}
	EndGlobalSection
EndGlobal
